
Microsoft Visual Studio Solution File, Format Version 12.00
# Visual Studio 15
VisualStudioVersion = 15.0.26430.14
MinimumVisualStudioVersion = 10.0.40219.1
Project("{FAE04EC0-301F-11D3-BF4B-00C04F79EFBC}") = "Oz.Demo.BAL", "Oz.Demo.BAL\Oz.Demo.BAL.csproj", "{F0EEBFC9-FE30-4888-A3B6-3E7C2F74165F}"
EndProject
Project("{FAE04EC0-301F-11D3-BF4B-00C04F79EFBC}") = "Oz.Demo.DAL", "Oz.Demo.DAL\Oz.Demo.DAL.csproj", "{6A64F4CD-5468-4834-893D-9ABB3F83A5C4}"
EndProject
Project("{9A19103F-16F7-4668-BE54-9A1E7A4F7556}") = "Oz.Demo.App", "Oz.Demo.App\Oz.Demo.App.csproj", "{1F7A5754-13EB-4EE0-A5BD-33A3EE26D838}"
EndProject
Global
	GlobalSection(SolutionConfigurationPlatforms) = preSolution
		Debug|Any CPU = Debug|Any CPU
		Release|Any CPU = Release|Any CPU
	EndGlobalSection
	GlobalSection(ProjectConfigurationPlatforms) = postSolution
		{F0EEBFC9-FE30-4888-A3B6-3E7C2F74165F}.Debug|Any CPU.ActiveCfg = Debug|Any CPU
		{F0EEBFC9-FE30-4888-A3B6-3E7C2F74165F}.Debug|Any CPU.Build.0 = Debug|Any CPU
		{F0EEBFC9-FE30-4888-A3B6-3E7C2F74165F}.Release|Any CPU.ActiveCfg = Release|Any CPU
		{F0EEBFC9-FE30-4888-A3B6-3E7C2F74165F}.Release|Any CPU.Build.0 = Release|Any CPU
		{6A64F4CD-5468-4834-893D-9ABB3F83A5C4}.Debug|Any CPU.ActiveCfg = Debug|Any CPU
		{6A64F4CD-5468-4834-893D-9ABB3F83A5C4}.Debug|Any CPU.Build.0 = Debug|Any CPU
		{6A64F4CD-5468-4834-893D-9ABB3F83A5C4}.Release|Any CPU.ActiveCfg = Release|Any CPU
		{6A64F4CD-5468-4834-893D-9ABB3F83A5C4}.Release|Any CPU.Build.0 = Release|Any CPU
		{1F7A5754-13EB-4EE0-A5BD-33A3EE26D838}.Debug|Any CPU.ActiveCfg = Debug|Any CPU
		{1F7A5754-13EB-4EE0-A5BD-33A3EE26D838}.Debug|Any CPU.Build.0 = Debug|Any CPU
		{1F7A5754-13EB-4EE0-A5BD-33A3EE26D838}.Release|Any CPU.ActiveCfg = Release|Any CPU
		{1F7A5754-13EB-4EE0-A5BD-33A3EE26D838}.Release|Any CPU.Build.0 = Release|Any CPU
	EndGlobalSection
	GlobalSection(SolutionProperties) = preSolution
		HideSolutionNode = FALSE
	EndGlobalSection
EndGlobal
